
Microsoft Visual Studio Solution File, Format Version 12.00
# Visual Studio Version 17
VisualStudioVersion = 17.5.002.0
MinimumVisualStudioVersion = 10.0.40219.1
Project("{9A19103F-16F7-4668-BE54-9A1E7A4F7556}") = "CadastroMercadoriasAPI", "CadastroMercadoriasAPI\CadastroMercadoriasAPI.csproj", "{C7140BB4-7670-492B-807E-8009BA01FC71}"
EndProject
Global
	GlobalSection(SolutionConfigurationPlatforms) = preSolution
		Debug|Any CPU = Debug|Any CPU
		Release|Any CPU = Release|Any CPU
	EndGlobalSection
	GlobalSection(ProjectConfigurationPlatforms) = postSolution
		{C7140BB4-7670-492B-807E-8009BA01FC71}.Debug|Any CPU.ActiveCfg = Debug|Any CPU
		{C7140BB4-7670-492B-807E-8009BA01FC71}.Debug|Any CPU.Build.0 = Debug|Any CPU
		{C7140BB4-7670-492B-807E-8009BA01FC71}.Release|Any CPU.ActiveCfg = Release|Any CPU
		{C7140BB4-7670-492B-807E-8009BA01FC71}.Release|Any CPU.Build.0 = Release|Any CPU
	EndGlobalSection
	GlobalSection(SolutionProperties) = preSolution
		HideSolutionNode = FALSE
	EndGlobalSection
	GlobalSection(ExtensibilityGlobals) = postSolution
		SolutionGuid = {58FB729E-E9A0-4DDC-BAF4-53C9A3B063FE}
	EndGlobalSection
EndGlobal